
Microsoft Visual Studio Solution File, Format Version 12.00
# Visual Studio Version 17
VisualStudioVersion = 17.1.32421.90
MinimumVisualStudioVersion = 10.0.40219.1
Project("{FAE04EC0-301F-11D3-BF4B-00C04F79EFBC}") = "csharp-geometria", "csharp-geometria.csproj", "{2C0934BB-8426-4BF9-B267-13F741441378}"
EndProject
Global
	GlobalSection(SolutionConfigurationPlatforms) = preSolution
		Debug|Any CPU = Debug|Any CPU
		Release|Any CPU = Release|Any CPU
	EndGlobalSection
	GlobalSection(ProjectConfigurationPlatforms) = postSolution
		{2C0934BB-8426-4BF9-B267-13F741441378}.Debug|Any CPU.ActiveCfg = Debug|Any CPU
		{2C0934BB-8426-4BF9-B267-13F741441378}.Debug|Any CPU.Build.0 = Debug|Any CPU
		{2C0934BB-8426-4BF9-B267-13F741441378}.Release|Any CPU.ActiveCfg = Release|Any CPU
		{2C0934BB-8426-4BF9-B267-13F741441378}.Release|Any CPU.Build.0 = Release|Any CPU
	EndGlobalSection
	GlobalSection(SolutionProperties) = preSolution
		HideSolutionNode = FALSE
	EndGlobalSection
	GlobalSection(ExtensibilityGlobals) = postSolution
		SolutionGuid = {C4AEF08C-06A5-4CE9-B03E-3DA753673606}
	EndGlobalSection
EndGlobal
